
Microsoft Visual Studio Solution File, Format Version 12.00
# Visual Studio 15
VisualStudioVersion = 15.0.28010.2016
MinimumVisualStudioVersion = 10.0.40219.1
Project("{FAE04EC0-301F-11D3-BF4B-00C04F79EFBC}") = "SmallTicketPrinter", "SmallTicketPrinter\SmallTicketPrinter.csproj", "{ADBBEBCC-89D2-4D1E-BD88-26F663E7FA0E}"
EndProject
Project("{FAE04EC0-301F-11D3-BF4B-00C04F79EFBC}") = "Driver", "Driver\Driver.csproj", "{E1BFAE46-D8FF-437D-83AD-7B808261286B}"
EndProject
Global
	GlobalSection(SolutionConfigurationPlatforms) = preSolution
		Debug|Any CPU = Debug|Any CPU
		Release|Any CPU = Release|Any CPU
	EndGlobalSection
	GlobalSection(ProjectConfigurationPlatforms) = postSolution
		{ADBBEBCC-89D2-4D1E-BD88-26F663E7FA0E}.Debug|Any CPU.ActiveCfg = Debug|Any CPU
		{ADBBEBCC-89D2-4D1E-BD88-26F663E7FA0E}.Debug|Any CPU.Build.0 = Debug|Any CPU
		{ADBBEBCC-89D2-4D1E-BD88-26F663E7FA0E}.Release|Any CPU.ActiveCfg = Release|Any CPU
		{ADBBEBCC-89D2-4D1E-BD88-26F663E7FA0E}.Release|Any CPU.Build.0 = Release|Any CPU
		{E1BFAE46-D8FF-437D-83AD-7B808261286B}.Debug|Any CPU.ActiveCfg = Debug|Any CPU
		{E1BFAE46-D8FF-437D-83AD-7B808261286B}.Debug|Any CPU.Build.0 = Debug|Any CPU
		{E1BFAE46-D8FF-437D-83AD-7B808261286B}.Release|Any CPU.ActiveCfg = Release|Any CPU
		{E1BFAE46-D8FF-437D-83AD-7B808261286B}.Release|Any CPU.Build.0 = Release|Any CPU
	EndGlobalSection
	GlobalSection(SolutionProperties) = preSolution
		HideSolutionNode = FALSE
	EndGlobalSection
	GlobalSection(ExtensibilityGlobals) = postSolution
		SolutionGuid = {D24AECB0-2D0C-4301-9D90-4C98EE103B6B}
	EndGlobalSection
EndGlobal
